
Microsoft Visual Studio Solution File, Format Version 12.00
# Visual Studio Version 17
VisualStudioVersion = 17.2.32519.379
MinimumVisualStudioVersion = 10.0.40219.1
Project("{FAE04EC0-301F-11D3-BF4B-00C04F79EFBC}") = "BugTrackerMVC", "BugTrackerMVC\BugTrackerMVC.csproj", "{90D29593-4A3D-4D16-81FA-AB4A7B3DDA0B}"
EndProject
Global
	GlobalSection(SolutionConfigurationPlatforms) = preSolution
		Debug|Any CPU = Debug|Any CPU
		Release|Any CPU = Release|Any CPU
	EndGlobalSection
	GlobalSection(ProjectConfigurationPlatforms) = postSolution
		{90D29593-4A3D-4D16-81FA-AB4A7B3DDA0B}.Debug|Any CPU.ActiveCfg = Debug|Any CPU
		{90D29593-4A3D-4D16-81FA-AB4A7B3DDA0B}.Debug|Any CPU.Build.0 = Debug|Any CPU
		{90D29593-4A3D-4D16-81FA-AB4A7B3DDA0B}.Release|Any CPU.ActiveCfg = Release|Any CPU
		{90D29593-4A3D-4D16-81FA-AB4A7B3DDA0B}.Release|Any CPU.Build.0 = Release|Any CPU
	EndGlobalSection
	GlobalSection(SolutionProperties) = preSolution
		HideSolutionNode = FALSE
	EndGlobalSection
	GlobalSection(ExtensibilityGlobals) = postSolution
		SolutionGuid = {C1B4F0EC-CBE4-4199-81C4-3264B5047295}
	EndGlobalSection
EndGlobal
